
Microsoft Visual Studio Solution File, Format Version 12.00
Project("{FAE04EC0-301F-11D3-BF4B-00C04F79EFBC}") = "FileEncrptor", "FileEncrptor\FileEncrptor.csproj", "{852BDF95-0DD9-4053-AE67-3763795ABC28}"
EndProject
Global
	GlobalSection(SolutionConfigurationPlatforms) = preSolution
		Debug|Any CPU = Debug|Any CPU
		Release|Any CPU = Release|Any CPU
	EndGlobalSection
	GlobalSection(ProjectConfigurationPlatforms) = postSolution
		{852BDF95-0DD9-4053-AE67-3763795ABC28}.Debug|Any CPU.ActiveCfg = Debug|Any CPU
		{852BDF95-0DD9-4053-AE67-3763795ABC28}.Debug|Any CPU.Build.0 = Debug|Any CPU
		{852BDF95-0DD9-4053-AE67-3763795ABC28}.Release|Any CPU.ActiveCfg = Release|Any CPU
		{852BDF95-0DD9-4053-AE67-3763795ABC28}.Release|Any CPU.Build.0 = Release|Any CPU
	EndGlobalSection
EndGlobal
